{
  "name": "mditorDemo",
  "version": "1.0.0",
  "lockfileVersion": 1,
  "requires": true,
  "dependencies": {
    "cify": {
      "version": "2.1.12",
      "resolved": "http://registry.npm.taobao.org/cify/download/cify-2.1.12.tgz",
      "dependencies": {
        "ntils": {
          "version": "http://registry.npm.taobao.org/ntils/download/ntils-3.1.11.tgz",
          "bundled": true
        }
      }
    },
    "clipboard": {
      "version": "2.0.1",
      "resolved": "http://registry.npm.taobao.org/clipboard/download/clipboard-2.0.1.tgz",
      "integrity": "sha1-oSSB4cE9ilD18DawVg/l0W105Go=",
      "optional": true,
      "requires": {
        "good-listener": "^1.2.2",
        "select": "^1.1.2",
        "tiny-emitter": "^2.0.0"
      }
    },
    "delegate": {
      "version": "3.2.0",
      "resolved": "http://registry.npm.taobao.org/delegate/download/delegate-3.2.0.tgz",
      "integrity": "sha1-tmtxwxWFIuirV0T3INjKDCr1kWY=",
      "optional": true
    },
    "font-awesome": {
      "version": "4.7.0",
      "resolved": "http://registry.npm.taobao.org/font-awesome/download/font-awesome-4.7.0.tgz",
      "integrity": "sha1-j6jPBBGhoxr9B7BtKQK7n8gVoTM="
    },
    "github-markdown-css": {
      "version": "2.10.0",
      "resolved": "http://registry.npm.taobao.org/github-markdown-css/download/github-markdown-css-2.10.0.tgz",
      "integrity": "sha1-BhL+0igWszsoLzfvje96Tsq/6ZM="
    },
    "good-listener": {
      "version": "1.2.2",
      "resolved": "http://registry.npm.taobao.org/good-listener/download/good-listener-1.2.2.tgz",
      "integrity": "sha1-1TswzfkxPf+33JoNR3CWqm0UXFA=",
      "optional": true,
      "requires": {
        "delegate": "^3.1.2"
      }
    },
    "marked": {
      "version": "0.3.19",
      "resolved": "http://registry.npm.taobao.org/marked/download/marked-0.3.19.tgz",
      "integrity": "sha1-XUf3CcTJ/Dwha21GEnKA9As515A="
    },
    "mditor": {
      "version": "1.3.3",
      "resolved": "http://registry.npm.taobao.org/mditor/download/mditor-1.3.3.tgz",
      "integrity": "sha1-Cvh+zpVP36/7UE1ZzCHKvw41f5s=",
      "requires": {
        "font-awesome": "^4.7.0",
        "github-markdown-css": "^2.4.1",
        "marked": "^0.3.6",
        "mokit": "^3.1.2",
        "ntils": "^2.1.0",
        "prismjs": "^1.8.3",
        "shortcut-key": "^1.0.0"
      },
      "dependencies": {
        "ntils": {
          "version": "2.1.2",
          "resolved": "http://registry.npm.taobao.org/ntils/download/ntils-2.1.2.tgz",
          "integrity": "sha1-d9PWWD6PycuzydjlsX+RpV2EKq8="
        }
      }
    },
    "mokit": {
      "version": "3.1.3",
      "resolved": "http://registry.npm.taobao.org/mokit/download/mokit-3.1.3.tgz",
      "integrity": "sha1-Gp7Kll0JR/eRWDKk0VtlYwPzg4Y=",
      "requires": {
        "cify": "^2.1.10",
        "ntils": "^2.1.0"
      },
      "dependencies": {
        "ntils": {
          "version": "2.1.2",
          "resolved": "http://registry.npm.taobao.org/ntils/download/ntils-2.1.2.tgz",
          "integrity": "sha1-d9PWWD6PycuzydjlsX+RpV2EKq8="
        }
      }
    },
    "prismjs": {
      "version": "1.14.0",
      "resolved": "http://registry.npm.taobao.org/prismjs/download/prismjs-1.14.0.tgz",
      "integrity": "sha1-u8z9uL5dhQ0mRTkzy1ASLKA2KuA=",
      "requires": {
        "clipboard": "^2.0.0"
      }
    },
    "react": {
      "version": "15.6.2",
      "resolved": "http://registry.npm.taobao.org/react/download/react-15.6.2.tgz",
      "dev": true,
      "dependencies": {
        "create-react-class": {
          "version": "http://registry.npm.taobao.org/create-react-class/download/create-react-class-15.6.3.tgz",
          "bundled": true
        },
        "fbjs": {
          "version": "http://registry.npm.taobao.org/fbjs/download/fbjs-0.8.16.tgz",
          "bundled": true,
          "dependencies": {
            "core-js": {
              "version": "http://registry.npm.taobao.org/core-js/download/core-js-1.2.7.tgz"
            },
            "isomorphic-fetch": {
              "version": "http://registry.npm.taobao.org/isomorphic-fetch/download/isomorphic-fetch-2.2.1.tgz"
            },
            "loose-envify": {
              "version": "http://registry.npm.taobao.org/loose-envify/download/loose-envify-1.3.1.tgz",
              "dependencies": {
                "js-tokens": {
                  "version": "http://registry.npm.taobao.org/js-tokens/download/js-tokens-3.0.2.tgz",
                  "bundled": true
                }
              }
            },
            "object-assign": {
              "version": "http://registry.npm.taobao.org/object-assign/download/object-assign-4.1.1.tgz"
            },
            "promise": {
              "version": "http://registry.npm.taobao.org/promise/download/promise-7.3.1.tgz",
              "dependencies": {
                "asap": {
                  "version": "http://registry.npm.taobao.org/asap/download/asap-2.0.6.tgz",
                  "bundled": true
                }
              }
            },
            "setimmediate": {
              "version": "http://registry.npm.taobao.org/setimmediate/download/setimmediate-1.0.5.tgz"
            },
            "ua-parser-js": {
              "version": "http://registry.npm.taobao.org/ua-parser-js/download/ua-parser-js-0.7.18.tgz"
            }
          }
        },
        "loose-envify": {
          "version": "http://registry.npm.taobao.org/loose-envify/download/loose-envify-1.3.1.tgz",
          "bundled": true,
          "dependencies": {
            "js-tokens": {
              "version": "http://registry.npm.taobao.org/js-tokens/download/js-tokens-3.0.2.tgz",
              "bundled": true
            }
          }
        },
        "object-assign": {
          "version": "http://registry.npm.taobao.org/object-assign/download/object-assign-4.1.1.tgz",
          "bundled": true
        },
        "prop-types": {
          "version": "http://registry.npm.taobao.org/prop-types/download/prop-types-15.6.1.tgz",
          "bundled": true,
          "dependencies": {
            "fbjs": {
              "version": "http://registry.npm.taobao.org/fbjs/download/fbjs-0.8.16.tgz",
              "dependencies": {
                "core-js": {
                  "version": "http://registry.npm.taobao.org/core-js/download/core-js-1.2.7.tgz"
                },
                "isomorphic-fetch": {
                  "version": "http://registry.npm.taobao.org/isomorphic-fetch/download/isomorphic-fetch-2.2.1.tgz"
                },
                "loose-envify": {
                  "version": "http://registry.npm.taobao.org/loose-envify/download/loose-envify-1.3.1.tgz",
                  "dependencies": {}
                },
                "object-assign": {
                  "version": "http://registry.npm.taobao.org/object-assign/download/object-assign-4.1.1.tgz"
                },
                "promise": {
                  "version": "http://registry.npm.taobao.org/promise/download/promise-7.3.1.tgz",
                  "dependencies": {}
                },
                "setimmediate": {
                  "version": "http://registry.npm.taobao.org/setimmediate/download/setimmediate-1.0.5.tgz"
                },
                "ua-parser-js": {
                  "version": "http://registry.npm.taobao.org/ua-parser-js/download/ua-parser-js-0.7.18.tgz"
                }
              }
            },
            "loose-envify": {
              "version": "http://registry.npm.taobao.org/loose-envify/download/loose-envify-1.3.1.tgz",
              "dependencies": {
                "js-tokens": {
                  "version": "http://registry.npm.taobao.org/js-tokens/download/js-tokens-3.0.2.tgz",
                  "bundled": true
                }
              }
            },
            "object-assign": {
              "version": "http://registry.npm.taobao.org/object-assign/download/object-assign-4.1.1.tgz"
            }
          }
        }
      }
    },
    "react-dom": {
      "version": "15.6.2",
      "resolved": "http://registry.npm.taobao.org/react-dom/download/react-dom-15.6.2.tgz",
      "dev": true,
      "dependencies": {
        "fbjs": {
          "version": "http://registry.npm.taobao.org/fbjs/download/fbjs-0.8.16.tgz",
          "bundled": true,
          "dependencies": {
            "core-js": {
              "version": "http://registry.npm.taobao.org/core-js/download/core-js-1.2.7.tgz"
            },
            "isomorphic-fetch": {
              "version": "http://registry.npm.taobao.org/isomorphic-fetch/download/isomorphic-fetch-2.2.1.tgz"
            },
            "loose-envify": {
              "version": "http://registry.npm.taobao.org/loose-envify/download/loose-envify-1.3.1.tgz",
              "dependencies": {}
            },
            "object-assign": {
              "version": "http://registry.npm.taobao.org/object-assign/download/object-assign-4.1.1.tgz"
            },
            "promise": {
              "version": "http://registry.npm.taobao.org/promise/download/promise-7.3.1.tgz",
              "dependencies": {}
            },
            "setimmediate": {
              "version": "http://registry.npm.taobao.org/setimmediate/download/setimmediate-1.0.5.tgz"
            },
            "ua-parser-js": {
              "version": "http://registry.npm.taobao.org/ua-parser-js/download/ua-parser-js-0.7.18.tgz"
            }
          }
        },
        "loose-envify": {
          "version": "http://registry.npm.taobao.org/loose-envify/download/loose-envify-1.3.1.tgz",
          "bundled": true,
          "dependencies": {
            "js-tokens": {
              "version": "http://registry.npm.taobao.org/js-tokens/download/js-tokens-3.0.2.tgz",
              "bundled": true
            }
          }
        },
        "object-assign": {
          "version": "http://registry.npm.taobao.org/object-assign/download/object-assign-4.1.1.tgz",
          "bundled": true
        },
        "prop-types": {
          "version": "http://registry.npm.taobao.org/prop-types/download/prop-types-15.6.1.tgz",
          "bundled": true
        }
      }
    },
    "select": {
      "version": "1.1.2",
      "resolved": "http://registry.npm.taobao.org/select/download/select-1.1.2.tgz",
      "integrity": "sha1-DnNQrN7ICxEIUoeG7B1EGNEbOW0=",
      "optional": true
    },
    "shortcut-key": {
      "version": "1.0.0",
      "resolved": "http://registry.npm.taobao.org/shortcut-key/download/shortcut-key-1.0.0.tgz",
      "integrity": "sha1-y2zix1nRn5bsHIIrk4nQrbJpI9I="
    },
    "tiny-emitter": {
      "version": "2.0.2",
      "resolved": "http://registry.npm.taobao.org/tiny-emitter/download/tiny-emitter-2.0.2.tgz",
      "integrity": "sha1-gtJ0aKylrejl/R5tIrV91D69+3w=",
      "optional": true
    }
  }
}
